# THIS IS AN AUTOGENERATED FILE. DO NOT EDIT THIS FILE DIRECTLY.
# yarn lockfile v1


ios-deploy@1.11.4:
  version "1.11.4"
  resolved "https://registry.yarnpkg.com/ios-deploy/-/ios-deploy-1.11.4.tgz#d1813b11c9f292d757be33fa63399b510a64980a"
  integrity sha512-NZ96/s7klyWySKTI8rTU+vXEIxIMrv6K+7j5VMcqUVShaAUdDX+Ov4nVdSStYOAGFVpl8q56SpAwjEDIvBrswQ==

renative-template-hello-world@0.35.3:
  version "0.35.3"
  resolved "https://registry.yarnpkg.com/renative-template-hello-world/-/renative-template-hello-world-0.35.3.tgz#b06f7132747ed4d64ea631d70709b722801dfb82"
  integrity sha512-udJfuPJ8taJeSWy6NO3wG24DiJQUtfsWD69p/d5kuiGJuz30+zHzQIvJsx2BrPM/X35VdkvBb2IEDRPLpcvylg==
  optionalDependencies:
    ios-deploy "1.11.4"
